
Microsoft Visual Studio Solution File, Format Version 12.00
# Visual Studio 14
VisualStudioVersion = 14.0.24720.0
MinimumVisualStudioVersion = 10.0.40219.1
Project("{FAE04EC0-301F-11D3-BF4B-00C04F79EFBC}") = "MEdicareEnrollement", "MEdicareEnrollement\MEdicareEnrollement.csproj", "{EEE0F7B9-D16F-4110-A553-FFDD90A8D2A5}"
EndProject
Project("{FAE04EC0-301F-11D3-BF4B-00C04F79EFBC}") = "MEdicareEnrollement.Tests", "MEdicareEnrollement.Tests\MEdicareEnrollement.Tests.csproj", "{1118B9CB-0A0C-49BB-BF49-7E2B70033FE4}"
EndProject
Global
	GlobalSection(SolutionConfigurationPlatforms) = preSolution
		Debug|Any CPU = Debug|Any CPU
		Release|Any CPU = Release|Any CPU
	EndGlobalSection
	GlobalSection(ProjectConfigurationPlatforms) = postSolution
		{EEE0F7B9-D16F-4110-A553-FFDD90A8D2A5}.Debug|Any CPU.ActiveCfg = Debug|Any CPU
		{EEE0F7B9-D16F-4110-A553-FFDD90A8D2A5}.Debug|Any CPU.Build.0 = Debug|Any CPU
		{EEE0F7B9-D16F-4110-A553-FFDD90A8D2A5}.Release|Any CPU.ActiveCfg = Release|Any CPU
		{EEE0F7B9-D16F-4110-A553-FFDD90A8D2A5}.Release|Any CPU.Build.0 = Release|Any CPU
		{1118B9CB-0A0C-49BB-BF49-7E2B70033FE4}.Debug|Any CPU.ActiveCfg = Debug|Any CPU
		{1118B9CB-0A0C-49BB-BF49-7E2B70033FE4}.Debug|Any CPU.Build.0 = Debug|Any CPU
		{1118B9CB-0A0C-49BB-BF49-7E2B70033FE4}.Release|Any CPU.ActiveCfg = Release|Any CPU
		{1118B9CB-0A0C-49BB-BF49-7E2B70033FE4}.Release|Any CPU.Build.0 = Release|Any CPU
	EndGlobalSection
	GlobalSection(SolutionProperties) = preSolution
		HideSolutionNode = FALSE
	EndGlobalSection
EndGlobal
